
Microsoft Visual Studio Solution File, Format Version 12.00
# Visual Studio 15
VisualStudioVersion = 15.0.27428.2037
MinimumVisualStudioVersion = 10.0.40219.1
Project("{FAE04EC0-301F-11D3-BF4B-00C04F79EFBC}") = "WebApplicationFormula1", "WebApplication1\WebApplicationFormula1.csproj", "{F5247C3B-3C76-409E-AD02-CBA26230A7B2}"
EndProject
Global
	GlobalSection(SolutionConfigurationPlatforms) = preSolution
		Debug|Any CPU = Debug|Any CPU
		Release|Any CPU = Release|Any CPU
	EndGlobalSection
	GlobalSection(ProjectConfigurationPlatforms) = postSolution
		{F5247C3B-3C76-409E-AD02-CBA26230A7B2}.Debug|Any CPU.ActiveCfg = Debug|Any CPU
		{F5247C3B-3C76-409E-AD02-CBA26230A7B2}.Debug|Any CPU.Build.0 = Debug|Any CPU
		{F5247C3B-3C76-409E-AD02-CBA26230A7B2}.Release|Any CPU.ActiveCfg = Release|Any CPU
		{F5247C3B-3C76-409E-AD02-CBA26230A7B2}.Release|Any CPU.Build.0 = Release|Any CPU
	EndGlobalSection
	GlobalSection(SolutionProperties) = preSolution
		HideSolutionNode = FALSE
	EndGlobalSection
	GlobalSection(ExtensibilityGlobals) = postSolution
		SolutionGuid = {7112551A-F4F7-42A1-80BA-1E089F0CA58C}
	EndGlobalSection
EndGlobal
